
Microsoft Visual Studio Solution File, Format Version 12.00
# Visual Studio Version 17
VisualStudioVersion = 17.14.36408.4 d17.14
MinimumVisualStudioVersion = 10.0.40219.1
Project("{FAE04EC0-301F-11D3-BF4B-00C04F79EFBC}") = "lab-2", "lab-2.csproj", "{569805CB-F77E-4134-A37A-123D846C3ACF}"
EndProject
Global
	GlobalSection(SolutionConfigurationPlatforms) = preSolution
		Debug|Any CPU = Debug|Any CPU
		Release|Any CPU = Release|Any CPU
	EndGlobalSection
	GlobalSection(ProjectConfigurationPlatforms) = postSolution
		{569805CB-F77E-4134-A37A-123D846C3ACF}.Debug|Any CPU.ActiveCfg = Debug|Any CPU
		{569805CB-F77E-4134-A37A-123D846C3ACF}.Debug|Any CPU.Build.0 = Debug|Any CPU
		{569805CB-F77E-4134-A37A-123D846C3ACF}.Release|Any CPU.ActiveCfg = Release|Any CPU
		{569805CB-F77E-4134-A37A-123D846C3ACF}.Release|Any CPU.Build.0 = Release|Any CPU
	EndGlobalSection
	GlobalSection(SolutionProperties) = preSolution
		HideSolutionNode = FALSE
	EndGlobalSection
	GlobalSection(ExtensibilityGlobals) = postSolution
		SolutionGuid = {9F599C7A-3375-4C23-8932-076AE701511B}
	EndGlobalSection
EndGlobal
